
Microsoft Visual Studio Solution File, Format Version 12.00
# Visual Studio 2012
Project("{FAE04EC0-301F-11D3-BF4B-00C04F79EFBC}") = "UnityVS.ttkill.CSharp", "UnityVS.ttkill.CSharp.csproj", "{6BA5353B-5F3E-8925-C034-F07583D4104E}"
EndProject
Project("{1FAC5C55-277D-4884-94A4-83DBDAF57E56}") = "UnityVS.ttkill.UnityScript", "UnityVS.ttkill.UnityScript.unityproj", "{F7A2E344-C966-1C41-2ED1-26CC70132C32}"
EndProject
Project("{1FAC5C55-277D-4884-94A4-83DBDAF57E56}") = "UnityVS.ttkill.UnityScript.Editor", "UnityVS.ttkill.UnityScript.Editor.unityproj", "{A6FD7DAA-62F2-4B5A-A46C-3642828282C2}"
EndProject
Project("{FAE04EC0-301F-11D3-BF4B-00C04F79EFBC}") = "UnityVS.ttkill.CSharp.Editor", "UnityVS.ttkill.CSharp.Editor.csproj", "{2EB939C5-449A-0ED6-0227-CF8887479113}"
EndProject
Project("{FAE04EC0-301F-11D3-BF4B-00C04F79EFBC}") = "UnityVS.ttkill.CSharp.Plugins", "UnityVS.ttkill.CSharp.Plugins.csproj", "{9CE84299-5E12-63DB-2A09-67C53126689D}"
EndProject
Project("{1FAC5C55-277D-4884-94A4-83DBDAF57E56}") = "UnityVS.ttkill.UnityScript.Plugins", "UnityVS.ttkill.UnityScript.Plugins.unityproj", "{D686A461-0756-3D27-0A05-7D0B6E29C874}"
EndProject
Global
	GlobalSection(SolutionConfigurationPlatforms) = preSolution
		Debug|Any CPU = Debug|Any CPU
		Release|Any CPU = Release|Any CPU
	EndGlobalSection
	GlobalSection(ProjectConfigurationPlatforms) = postSolution
		{6BA5353B-5F3E-8925-C034-F07583D4104E}.Debug|Any CPU.ActiveCfg = Debug|Any CPU
		{6BA5353B-5F3E-8925-C034-F07583D4104E}.Debug|Any CPU.Build.0 = Debug|Any CPU
		{6BA5353B-5F3E-8925-C034-F07583D4104E}.Release|Any CPU.ActiveCfg = Release|Any CPU
		{6BA5353B-5F3E-8925-C034-F07583D4104E}.Release|Any CPU.Build.0 = Release|Any CPU
		{F7A2E344-C966-1C41-2ED1-26CC70132C32}.Debug|Any CPU.ActiveCfg = Debug|Any CPU
		{F7A2E344-C966-1C41-2ED1-26CC70132C32}.Debug|Any CPU.Build.0 = Debug|Any CPU
		{F7A2E344-C966-1C41-2ED1-26CC70132C32}.Release|Any CPU.ActiveCfg = Release|Any CPU
		{F7A2E344-C966-1C41-2ED1-26CC70132C32}.Release|Any CPU.Build.0 = Release|Any CPU
		{A6FD7DAA-62F2-4B5A-A46C-3642828282C2}.Debug|Any CPU.ActiveCfg = Debug|Any CPU
		{A6FD7DAA-62F2-4B5A-A46C-3642828282C2}.Debug|Any CPU.Build.0 = Debug|Any CPU
		{A6FD7DAA-62F2-4B5A-A46C-3642828282C2}.Release|Any CPU.ActiveCfg = Release|Any CPU
		{A6FD7DAA-62F2-4B5A-A46C-3642828282C2}.Release|Any CPU.Build.0 = Release|Any CPU
		{2EB939C5-449A-0ED6-0227-CF8887479113}.Debug|Any CPU.ActiveCfg = Debug|Any CPU
		{2EB939C5-449A-0ED6-0227-CF8887479113}.Debug|Any CPU.Build.0 = Debug|Any CPU
		{2EB939C5-449A-0ED6-0227-CF8887479113}.Release|Any CPU.ActiveCfg = Release|Any CPU
		{2EB939C5-449A-0ED6-0227-CF8887479113}.Release|Any CPU.Build.0 = Release|Any CPU
		{9CE84299-5E12-63DB-2A09-67C53126689D}.Debug|Any CPU.ActiveCfg = Debug|Any CPU
		{9CE84299-5E12-63DB-2A09-67C53126689D}.Debug|Any CPU.Build.0 = Debug|Any CPU
		{9CE84299-5E12-63DB-2A09-67C53126689D}.Release|Any CPU.ActiveCfg = Release|Any CPU
		{9CE84299-5E12-63DB-2A09-67C53126689D}.Release|Any CPU.Build.0 = Release|Any CPU
		{D686A461-0756-3D27-0A05-7D0B6E29C874}.Debug|Any CPU.ActiveCfg = Debug|Any CPU
		{D686A461-0756-3D27-0A05-7D0B6E29C874}.Debug|Any CPU.Build.0 = Debug|Any CPU
		{D686A461-0756-3D27-0A05-7D0B6E29C874}.Release|Any CPU.ActiveCfg = Release|Any CPU
		{D686A461-0756-3D27-0A05-7D0B6E29C874}.Release|Any CPU.Build.0 = Release|Any CPU
	EndGlobalSection
	GlobalSection(SolutionProperties) = preSolution
		HideSolutionNode = FALSE
	EndGlobalSection
EndGlobal
